
Microsoft Visual Studio Solution File, Format Version 12.00
# Visual Studio Version 17
VisualStudioVersion = 17.9.34616.47
MinimumVisualStudioVersion = 10.0.40219.1
Project("{9A19103F-16F7-4668-BE54-9A1E7A4F7556}") = "AccountService.Repository", "AccountService.Repository\AccountService.Repository.csproj", "{5A9BEF29-EFCB-4D11-94DC-3AD9555C1F13}"
EndProject
Project("{9A19103F-16F7-4668-BE54-9A1E7A4F7556}") = "AccountService.Domain", "AccountService.Domain\AccountService.Domain.csproj", "{F1835C7A-A779-4CEA-9D51-AEE40A1133BA}"
EndProject
Project("{9A19103F-16F7-4668-BE54-9A1E7A4F7556}") = "AccountService.Application", "AccountService.Application\AccountService.Application.csproj", "{56D94405-303C-4824-A005-4F94E4875FC6}"
EndProject
Project("{9A19103F-16F7-4668-BE54-9A1E7A4F7556}") = "AccountService.ServiceHost", "AccountService.ServiceHost\AccountService.ServiceHost.csproj", "{512AE4FD-B1FE-454B-87BB-E18706E3C9B6}"
EndProject
Global
	GlobalSection(SolutionConfigurationPlatforms) = preSolution
		Debug|Any CPU = Debug|Any CPU
		Release|Any CPU = Release|Any CPU
	EndGlobalSection
	GlobalSection(ProjectConfigurationPlatforms) = postSolution
		{5A9BEF29-EFCB-4D11-94DC-3AD9555C1F13}.Debug|Any CPU.ActiveCfg = Debug|Any CPU
		{5A9BEF29-EFCB-4D11-94DC-3AD9555C1F13}.Debug|Any CPU.Build.0 = Debug|Any CPU
		{5A9BEF29-EFCB-4D11-94DC-3AD9555C1F13}.Release|Any CPU.ActiveCfg = Release|Any CPU
		{5A9BEF29-EFCB-4D11-94DC-3AD9555C1F13}.Release|Any CPU.Build.0 = Release|Any CPU
		{F1835C7A-A779-4CEA-9D51-AEE40A1133BA}.Debug|Any CPU.ActiveCfg = Debug|Any CPU
		{F1835C7A-A779-4CEA-9D51-AEE40A1133BA}.Debug|Any CPU.Build.0 = Debug|Any CPU
		{F1835C7A-A779-4CEA-9D51-AEE40A1133BA}.Release|Any CPU.ActiveCfg = Release|Any CPU
		{F1835C7A-A779-4CEA-9D51-AEE40A1133BA}.Release|Any CPU.Build.0 = Release|Any CPU
		{56D94405-303C-4824-A005-4F94E4875FC6}.Debug|Any CPU.ActiveCfg = Debug|Any CPU
		{56D94405-303C-4824-A005-4F94E4875FC6}.Debug|Any CPU.Build.0 = Debug|Any CPU
		{56D94405-303C-4824-A005-4F94E4875FC6}.Release|Any CPU.ActiveCfg = Release|Any CPU
		{56D94405-303C-4824-A005-4F94E4875FC6}.Release|Any CPU.Build.0 = Release|Any CPU
		{512AE4FD-B1FE-454B-87BB-E18706E3C9B6}.Debug|Any CPU.ActiveCfg = Debug|Any CPU
		{512AE4FD-B1FE-454B-87BB-E18706E3C9B6}.Debug|Any CPU.Build.0 = Debug|Any CPU
		{512AE4FD-B1FE-454B-87BB-E18706E3C9B6}.Release|Any CPU.ActiveCfg = Release|Any CPU
		{512AE4FD-B1FE-454B-87BB-E18706E3C9B6}.Release|Any CPU.Build.0 = Release|Any CPU
	EndGlobalSection
	GlobalSection(SolutionProperties) = preSolution
		HideSolutionNode = FALSE
	EndGlobalSection
	GlobalSection(ExtensibilityGlobals) = postSolution
		SolutionGuid = {BEE2DC23-A214-41D5-9E0F-30D2F28F4FB9}
	EndGlobalSection
EndGlobal
